
Microsoft Visual Studio Solution File, Format Version 12.00
# Visual Studio Version 16
VisualStudioVersion = 16.0.30011.22
MinimumVisualStudioVersion = 10.0.40219.1
Project("{FAE04EC0-301F-11D3-BF4B-00C04F79EFBC}") = "MinimalistMusicPlayer", "MinimalistMusicPlayer\MinimalistMusicPlayer.csproj", "{B8264454-B0A0-4D9F-8A8E-25EFC1823247}"
EndProject
Global
	GlobalSection(SolutionConfigurationPlatforms) = preSolution
		CD_ROM|Any CPU = CD_ROM|Any CPU
		CD_ROM|ARM = CD_ROM|ARM
		CD_ROM|ARM64 = CD_ROM|ARM64
		CD_ROM|x64 = CD_ROM|x64
		CD_ROM|x86 = CD_ROM|x86
		Debug|Any CPU = Debug|Any CPU
		Debug|ARM = Debug|ARM
		Debug|ARM64 = Debug|ARM64
		Debug|x64 = Debug|x64
		Debug|x86 = Debug|x86
		DVD-5|Any CPU = DVD-5|Any CPU
		DVD-5|ARM = DVD-5|ARM
		DVD-5|ARM64 = DVD-5|ARM64
		DVD-5|x64 = DVD-5|x64
		DVD-5|x86 = DVD-5|x86
		Release|Any CPU = Release|Any CPU
		Release|ARM = Release|ARM
		Release|ARM64 = Release|ARM64
		Release|x64 = Release|x64
		Release|x86 = Release|x86
		SingleImage|Any CPU = SingleImage|Any CPU
		SingleImage|ARM = SingleImage|ARM
		SingleImage|ARM64 = SingleImage|ARM64
		SingleImage|x64 = SingleImage|x64
		SingleImage|x86 = SingleImage|x86
	EndGlobalSection
	GlobalSection(ProjectConfigurationPlatforms) = postSolution
		{B8264454-B0A0-4D9F-8A8E-25EFC1823247}.CD_ROM|Any CPU.ActiveCfg = Release|Any CPU
		{B8264454-B0A0-4D9F-8A8E-25EFC1823247}.CD_ROM|Any CPU.Build.0 = Release|Any CPU
		{B8264454-B0A0-4D9F-8A8E-25EFC1823247}.CD_ROM|ARM.ActiveCfg = Installer|Any CPU
		{B8264454-B0A0-4D9F-8A8E-25EFC1823247}.CD_ROM|ARM.Build.0 = Installer|Any CPU
		{B8264454-B0A0-4D9F-8A8E-25EFC1823247}.CD_ROM|ARM64.ActiveCfg = Installer|Any CPU
		{B8264454-B0A0-4D9F-8A8E-25EFC1823247}.CD_ROM|ARM64.Build.0 = Installer|Any CPU
		{B8264454-B0A0-4D9F-8A8E-25EFC1823247}.CD_ROM|x64.ActiveCfg = Installer|Any CPU
		{B8264454-B0A0-4D9F-8A8E-25EFC1823247}.CD_ROM|x64.Build.0 = Installer|Any CPU
		{B8264454-B0A0-4D9F-8A8E-25EFC1823247}.CD_ROM|x86.ActiveCfg = Installer|Any CPU
		{B8264454-B0A0-4D9F-8A8E-25EFC1823247}.CD_ROM|x86.Build.0 = Installer|Any CPU
		{B8264454-B0A0-4D9F-8A8E-25EFC1823247}.Debug|Any CPU.ActiveCfg = Debug|Any CPU
		{B8264454-B0A0-4D9F-8A8E-25EFC1823247}.Debug|Any CPU.Build.0 = Debug|Any CPU
		{B8264454-B0A0-4D9F-8A8E-25EFC1823247}.Debug|ARM.ActiveCfg = Debug|Any CPU
		{B8264454-B0A0-4D9F-8A8E-25EFC1823247}.Debug|ARM.Build.0 = Debug|Any CPU
		{B8264454-B0A0-4D9F-8A8E-25EFC1823247}.Debug|ARM64.ActiveCfg = Debug|Any CPU
		{B8264454-B0A0-4D9F-8A8E-25EFC1823247}.Debug|ARM64.Build.0 = Debug|Any CPU
		{B8264454-B0A0-4D9F-8A8E-25EFC1823247}.Debug|x64.ActiveCfg = Debug|Any CPU
		{B8264454-B0A0-4D9F-8A8E-25EFC1823247}.Debug|x64.Build.0 = Debug|Any CPU
		{B8264454-B0A0-4D9F-8A8E-25EFC1823247}.Debug|x86.ActiveCfg = Debug|Any CPU
		{B8264454-B0A0-4D9F-8A8E-25EFC1823247}.Debug|x86.Build.0 = Debug|Any CPU
		{B8264454-B0A0-4D9F-8A8E-25EFC1823247}.DVD-5|Any CPU.ActiveCfg = Debug|Any CPU
		{B8264454-B0A0-4D9F-8A8E-25EFC1823247}.DVD-5|Any CPU.Build.0 = Debug|Any CPU
		{B8264454-B0A0-4D9F-8A8E-25EFC1823247}.DVD-5|ARM.ActiveCfg = Debug|Any CPU
		{B8264454-B0A0-4D9F-8A8E-25EFC1823247}.DVD-5|ARM.Build.0 = Debug|Any CPU
		{B8264454-B0A0-4D9F-8A8E-25EFC1823247}.DVD-5|ARM64.ActiveCfg = Debug|Any CPU
		{B8264454-B0A0-4D9F-8A8E-25EFC1823247}.DVD-5|ARM64.Build.0 = Debug|Any CPU
		{B8264454-B0A0-4D9F-8A8E-25EFC1823247}.DVD-5|x64.ActiveCfg = Debug|Any CPU
		{B8264454-B0A0-4D9F-8A8E-25EFC1823247}.DVD-5|x64.Build.0 = Debug|Any CPU
		{B8264454-B0A0-4D9F-8A8E-25EFC1823247}.DVD-5|x86.ActiveCfg = Debug|Any CPU
		{B8264454-B0A0-4D9F-8A8E-25EFC1823247}.DVD-5|x86.Build.0 = Debug|Any CPU
		{B8264454-B0A0-4D9F-8A8E-25EFC1823247}.Release|Any CPU.ActiveCfg = Release|Any CPU
		{B8264454-B0A0-4D9F-8A8E-25EFC1823247}.Release|Any CPU.Build.0 = Release|Any CPU
		{B8264454-B0A0-4D9F-8A8E-25EFC1823247}.Release|ARM.ActiveCfg = Release|Any CPU
		{B8264454-B0A0-4D9F-8A8E-25EFC1823247}.Release|ARM.Build.0 = Release|Any CPU
		{B8264454-B0A0-4D9F-8A8E-25EFC1823247}.Release|ARM64.ActiveCfg = Release|Any CPU
		{B8264454-B0A0-4D9F-8A8E-25EFC1823247}.Release|ARM64.Build.0 = Release|Any CPU
		{B8264454-B0A0-4D9F-8A8E-25EFC1823247}.Release|x64.ActiveCfg = Release|Any CPU
		{B8264454-B0A0-4D9F-8A8E-25EFC1823247}.Release|x64.Build.0 = Release|Any CPU
		{B8264454-B0A0-4D9F-8A8E-25EFC1823247}.Release|x86.ActiveCfg = Release|Any CPU
		{B8264454-B0A0-4D9F-8A8E-25EFC1823247}.Release|x86.Build.0 = Release|Any CPU
		{B8264454-B0A0-4D9F-8A8E-25EFC1823247}.SingleImage|Any CPU.ActiveCfg = Release|Any CPU
		{B8264454-B0A0-4D9F-8A8E-25EFC1823247}.SingleImage|Any CPU.Build.0 = Release|Any CPU
		{B8264454-B0A0-4D9F-8A8E-25EFC1823247}.SingleImage|ARM.ActiveCfg = Installer|Any CPU
		{B8264454-B0A0-4D9F-8A8E-25EFC1823247}.SingleImage|ARM.Build.0 = Installer|Any CPU
		{B8264454-B0A0-4D9F-8A8E-25EFC1823247}.SingleImage|ARM64.ActiveCfg = Installer|Any CPU
		{B8264454-B0A0-4D9F-8A8E-25EFC1823247}.SingleImage|ARM64.Build.0 = Installer|Any CPU
		{B8264454-B0A0-4D9F-8A8E-25EFC1823247}.SingleImage|x64.ActiveCfg = Installer|Any CPU
		{B8264454-B0A0-4D9F-8A8E-25EFC1823247}.SingleImage|x64.Build.0 = Installer|Any CPU
		{B8264454-B0A0-4D9F-8A8E-25EFC1823247}.SingleImage|x86.ActiveCfg = Installer|Any CPU
		{B8264454-B0A0-4D9F-8A8E-25EFC1823247}.SingleImage|x86.Build.0 = Installer|Any CPU
	EndGlobalSection
	GlobalSection(SolutionProperties) = preSolution
		HideSolutionNode = FALSE
	EndGlobalSection
	GlobalSection(ExtensibilityGlobals) = postSolution
		SolutionGuid = {682AD16A-3063-401E-BD1A-E2FDCAC380E5}
	EndGlobalSection
EndGlobal
